<?xml version="1.0" encoding="UTF-8"?>
<Scheme
   LastUpgradeVersion = "0640"
   version = "1.3">
   <BuildAction
      parallelizeBuildables = "YES"
      buildImplicitDependencies = "YES">
      <BuildActionEntries>
         <BuildActionEntry
            buildForTesting = "YES"
            buildForRunning = "YES"
            buildForProfiling = "YES"
            buildForArchiving = "YES"
            buildForAnalyzing = "YES">
            <BuildableReference
               BuildableIdentifier = "primary"
               BlueprintIdentifier = "7B2932E51B8FBC0700B30D71"
               BuildableName = "HiWatch WatchKit App.app"
               BlueprintName = "HiWatch WatchKit App"
               ReferencedContainer = "container:HiWatch.xcodeproj">
            </BuildableReference>
         </BuildActionEntry>
         <BuildActionEntry
            buildForTesting = "YES"
            buildForRunning = "YES"
            buildForProfiling = "YES"
            buildForArchiving = "YES"
            buildForAnalyzing = "YES">
            <BuildableReference
               BuildableIdentifier = "primary"
               BlueprintIdentifier = "7B2932B21B8FBBF700B30D71"
               BuildableName = "HiWatch.app"
               BlueprintName = "HiWatch"
               ReferencedContainer = "container:HiWatch.xcodeproj">
            </BuildableReference>
         </BuildActionEntry>
         <BuildActionEntry
            buildForTesting = "YES"
            buildForRunning = "YES"
            buildForProfiling = "YES"
            buildForArchiving = "YES"
            buildForAnalyzing = "YES">
            <BuildableReference
               BuildableIdentifier = "primary"
               BlueprintIdentifier = "7B2932DB1B8FBC0600B30D71"
               BuildableName = "HiWatch WatchKit Extension.appex"
               BlueprintName = "HiWatch WatchKit Extension"
               ReferencedContainer = "container:HiWatch.xcodeproj">
            </BuildableReference>
         </BuildActionEntry>
      </BuildActionEntries>
   </BuildAction>
   <TestAction
      selectedDebuggerIdentifier = "Xcode.DebuggerFoundation.Debugger.LLDB"
      selectedLauncherIdentifier = "Xcode.DebuggerFoundation.Launcher.LLDB"
      shouldUseLaunchSchemeArgsEnv = "YES"
      buildConfiguration = "Debug">
      <Testables>
      </Testables>
      <MacroExpansion>
         <BuildableReference
            BuildableIdentifier = "primary"
            BlueprintIdentifier = "7B2932E51B8FBC0700B30D71"
            BuildableName = "HiWatch WatchKit App.app"
            BlueprintName = "HiWatch WatchKit App"
            ReferencedContainer = "container:HiWatch.xcodeproj">
         </BuildableReference>
      </MacroExpansion>
   </TestAction>
   <LaunchAction
      selectedDebuggerIdentifier = "Xcode.DebuggerFoundation.Debugger.LLDB"
      selectedLauncherIdentifier = "Xcode.DebuggerFoundation.Launcher.LLDB"
      launchStyle = "0"
      useCustomWorkingDirectory = "NO"
      buildConfiguration = "Debug"
      ignoresPersistentStateOnLaunch = "NO"
      debugDocumentVersioning = "YES"
      allowLocationSimulation = "YES">
      <RemoteRunnable
         runnableDebuggingMode = "2"
         BundleIdentifier = "com.apple.springboard"
         RemotePath = "/HiWatch">
         <BuildableReference
            BuildableIdentifier = "primary"
            BlueprintIdentifier = "7B2932E51B8FBC0700B30D71"
            BuildableName = "HiWatch WatchKit App.app"
            BlueprintName = "HiWatch WatchKit App"
            ReferencedContainer = "container:HiWatch.xcodeproj">
         </BuildableReference>
      </RemoteRunnable>
      <MacroExpansion>
         <BuildableReference
            BuildableIdentifier = "primary"
            BlueprintIdentifier = "7B2932E51B8FBC0700B30D71"
            BuildableName = "HiWatch WatchKit App.app"
            BlueprintName = "HiWatch WatchKit App"
            ReferencedContainer = "container:HiWatch.xcodeproj">
         </BuildableReference>
      </MacroExpansion>
      <AdditionalOptions>
      </AdditionalOptions>
   </LaunchAction>
   <ProfileAction
      shouldUseLaunchSchemeArgsEnv = "YES"
      savedToolIdentifier = ""
      useCustomWorkingDirectory = "NO"
      buildConfiguration = "Release"
      debugDocumentVersioning = "YES">
      <RemoteRunnable
         runnableDebuggingMode = "2"
         BundleIdentifier = "com.apple.springboard"
         RemotePath = "/HiWatch">
         <BuildableReference
            BuildableIdentifier = "primary"
            BlueprintIdentifier = "7B2932E51B8FBC0700B30D71"
            BuildableName = "HiWatch WatchKit App.app"
            BlueprintName = "HiWatch WatchKit App"
            ReferencedContainer = "container:HiWatch.xcodeproj">
         </BuildableReference>
      </RemoteRunnable>
      <MacroExpansion>
         <BuildableReference
            BuildableIdentifier = "primary"
            BlueprintIdentifier = "7B2932E51B8FBC0700B30D71"
            BuildableName = "HiWatch WatchKit App.app"
            BlueprintName = "HiWatch WatchKit App"
            ReferencedContainer = "container:HiWatch.xcodeproj">
         </BuildableReference>
      </MacroExpansion>
   </ProfileAction>
   <AnalyzeAction
      buildConfiguration = "Debug">
   </AnalyzeAction>
   <ArchiveAction
      buildConfiguration = "Release"
      revealArchiveInOrganizer = "YES">
   </ArchiveAction>
</Scheme>
